<Solution>
  <Folder Name="/Exercise #2/">
    <Project Path="#2/#2.csproj" Id="31ad4d9f-8456-4347-8f17-3d526a461128" />
  </Folder>
  <Folder Name="/Exercise #3/">
    <Project Path="Ex#3/#3.csproj" />
  </Folder>
  <Folder Name="/Exercise #4/">
    <Project Path="Ex#4/#4.csproj" />
  </Folder>
</Solution>
