<Solution>
  <Folder Name="/Exercise #2/">
    <Project Path="#2/#2.csproj" Id="a664a3aa-b16e-4076-b5df-3ac7843fee70" />
  </Folder>
  <Folder Name="/Exercise #3/">
    <Project Path="Ex#3/#3.csproj" />
  </Folder>
  <Folder Name="/Exercise #4/">
    <Project Path="Ex#4/#4.csproj" />
  </Folder>
</Solution>
