<Solution>
  <Folder Name="/Exercise #2/">
    <Project Path="Ex#2/Ex#2.csproj" />
  </Folder>
  <Folder Name="/Exercise #3/">
    <Project Path="Ex#3/Ex#3.csproj" />
  </Folder>
  <Folder Name="/Exercise #4/">
    <Project Path="Ex#4/Ex#4.csproj" />
  </Folder>
  <Project Path="OOP_Project/OOP_Project.csproj" />
</Solution>
